// !$*UTF8*$!
{
	archiveVersion = 1;
	classes = {
	};
	objectVersion = 50;
	objects = {

/* Begin PBXBuildFile section */
		A82C4722232C833400D0E92B /* VenueDetailVC.swift in Sources */ = {isa = PBXBuildFile; fileRef = A82C4721232C833400D0E92B /* VenueDetailVC.swift */; };
		A82C4724232C83D000D0E92B /* VenueMap.swift in Sources */ = {isa = PBXBuildFile; fileRef = A82C4723232C83D000D0E92B /* VenueMap.swift */; };
		A82C4726232CA11B00D0E92B /* LocationSelectionVC.swift in Sources */ = {isa = PBXBuildFile; fileRef = A82C4725232CA11B00D0E92B /* LocationSelectionVC.swift */; };
		A8684F802330A32D002D6489 /* ScaleSegue.swift in Sources */ = {isa = PBXBuildFile; fileRef = A8684F7F2330A32D002D6489 /* ScaleSegue.swift */; };
		A8791A0E232BD02900089529 /* AppDelegate.swift in Sources */ = {isa = PBXBuildFile; fileRef = A8791A0D232BD02900089529 /* AppDelegate.swift */; };
		A8791A13232BD02900089529 /* Main.storyboard in Resources */ = {isa = PBXBuildFile; fileRef = A8791A11232BD02900089529 /* Main.storyboard */; };
		A8791A15232BD02A00089529 /* Assets.xcassets in Resources */ = {isa = PBXBuildFile; fileRef = A8791A14232BD02A00089529 /* Assets.xcassets */; };
		A8791A18232BD02A00089529 /* LaunchScreen.storyboard in Resources */ = {isa = PBXBuildFile; fileRef = A8791A16232BD02A00089529 /* LaunchScreen.storyboard */; };
		A8791A23232BD02B00089529 /* FoursquareAPI_DemoTests.swift in Sources */ = {isa = PBXBuildFile; fileRef = A8791A22232BD02B00089529 /* FoursquareAPI_DemoTests.swift */; };
		A8791A34232BD4B300089529 /* APIError.swift in Sources */ = {isa = PBXBuildFile; fileRef = A8791A31232BD4B300089529 /* APIError.swift */; };
		A8791A35232BD4B300089529 /* APIClient.swift in Sources */ = {isa = PBXBuildFile; fileRef = A8791A32232BD4B300089529 /* APIClient.swift */; };
		A8791A36232BD4B300089529 /* Result.swift in Sources */ = {isa = PBXBuildFile; fileRef = A8791A33232BD4B300089529 /* Result.swift */; };
		A8791A3A232BD4F300089529 /* FoursquareClient.swift in Sources */ = {isa = PBXBuildFile; fileRef = A8791A39232BD4F300089529 /* FoursquareClient.swift */; };
		A8791A3C232BD58D00089529 /* Endpoint.swift in Sources */ = {isa = PBXBuildFile; fileRef = A8791A3B232BD58D00089529 /* Endpoint.swift */; };
		A8791A3E232BD6C500089529 /* Venue.swift in Sources */ = {isa = PBXBuildFile; fileRef = A8791A3D232BD6C500089529 /* Venue.swift */; };
		A8791A42232BFF5E00089529 /* VenueListVC.swift in Sources */ = {isa = PBXBuildFile; fileRef = A8791A41232BFF5E00089529 /* VenueListVC.swift */; };
		A8791A44232C586500089529 /* VenueListCell.swift in Sources */ = {isa = PBXBuildFile; fileRef = A8791A43232C586500089529 /* VenueListCell.swift */; };
		A8AACD582332ED8B00F209FB /* VenueDetail.swift in Sources */ = {isa = PBXBuildFile; fileRef = A8AACD572332ED8B00F209FB /* VenueDetail.swift */; };
		A8BA0E9F232FEA50006449B2 /* VenuesOnMapVC.swift in Sources */ = {isa = PBXBuildFile; fileRef = A8BA0E9E232FEA50006449B2 /* VenuesOnMapVC.swift */; };
		A8BA0EA2232FF751006449B2 /* UITableView+HandleEmptyView.swift in Sources */ = {isa = PBXBuildFile; fileRef = A8BA0EA1232FF751006449B2 /* UITableView+HandleEmptyView.swift */; };
		A8BA0EA4232FF77F006449B2 /* UITextField+PaddingandBottomBorder.swift in Sources */ = {isa = PBXBuildFile; fileRef = A8BA0EA3232FF77F006449B2 /* UITextField+PaddingandBottomBorder.swift */; };
		A8BA0EA6232FF9B6006449B2 /* UIViewController+UIAlertController.swift in Sources */ = {isa = PBXBuildFile; fileRef = A8BA0EA5232FF9B6006449B2 /* UIViewController+UIAlertController.swift */; };
/* End PBXBuildFile section */

/* Begin PBXContainerItemProxy section */
		A8791A1F232BD02B00089529 /* PBXContainerItemProxy */ = {
			isa = PBXContainerItemProxy;
			containerPortal = A8791A02232BD02900089529 /* Project object */;
			proxyType = 1;
			remoteGlobalIDString = A8791A09232BD02900089529;
			remoteInfo = "FoursquareAPI-Demo";
		};
/* End PBXContainerItemProxy section */

/* Begin PBXFileReference section */
		A82C4721232C833400D0E92B /* VenueDetailVC.swift */ = {isa = PBXFileReference; lastKnownFileType = sourcecode.swift; path = VenueDetailVC.swift; sourceTree = "<group>"; };
		A82C4723232C83D000D0E92B /* VenueMap.swift */ = {isa = PBXFileReference; lastKnownFileType = sourcecode.swift; path = VenueMap.swift; sourceTree = "<group>"; };
		A82C4725232CA11B00D0E92B /* LocationSelectionVC.swift */ = {isa = PBXFileReference; lastKnownFileType = sourcecode.swift; path = LocationSelectionVC.swift; sourceTree = "<group>"; };
		A8684F7F2330A32D002D6489 /* ScaleSegue.swift */ = {isa = PBXFileReference; lastKnownFileType = sourcecode.swift; path = ScaleSegue.swift; sourceTree = "<group>"; };
		A8791A0A232BD02900089529 /* FoursquareAPI-Demo.app */ = {isa = PBXFileReference; explicitFileType = wrapper.application; includeInIndex = 0; path = "FoursquareAPI-Demo.app"; sourceTree = BUILT_PRODUCTS_DIR; };
		A8791A0D232BD02900089529 /* AppDelegate.swift */ = {isa = PBXFileReference; lastKnownFileType = sourcecode.swift; path = AppDelegate.swift; sourceTree = "<group>"; };
		A8791A12232BD02900089529 /* Base */ = {isa = PBXFileReference; lastKnownFileType = file.storyboard; name = Base; path = Base.lproj/Main.storyboard; sourceTree = "<group>"; };
		A8791A14232BD02A00089529 /* Assets.xcassets */ = {isa = PBXFileReference; lastKnownFileType = folder.assetcatalog; path = Assets.xcassets; sourceTree = "<group>"; };
		A8791A17232BD02A00089529 /* Base */ = {isa = PBXFileReference; lastKnownFileType = file.storyboard; name = Base; path = Base.lproj/LaunchScreen.storyboard; sourceTree = "<group>"; };
		A8791A19232BD02A00089529 /* Info.plist */ = {isa = PBXFileReference; lastKnownFileType = text.plist.xml; path = Info.plist; sourceTree = "<group>"; };
		A8791A1E232BD02B00089529 /* FoursquareAPI-DemoTests.xctest */ = {isa = PBXFileReference; explicitFileType = wrapper.cfbundle; includeInIndex = 0; path = "FoursquareAPI-DemoTests.xctest"; sourceTree = BUILT_PRODUCTS_DIR; };
		A8791A22232BD02B00089529 /* FoursquareAPI_DemoTests.swift */ = {isa = PBXFileReference; lastKnownFileType = sourcecode.swift; path = FoursquareAPI_DemoTests.swift; sourceTree = "<group>"; };
		A8791A24232BD02B00089529 /* Info.plist */ = {isa = PBXFileReference; lastKnownFileType = text.plist.xml; path = Info.plist; sourceTree = "<group>"; };
		A8791A31232BD4B300089529 /* APIError.swift */ = {isa = PBXFileReference; fileEncoding = 4; lastKnownFileType = sourcecode.swift; path = APIError.swift; sourceTree = "<group>"; };
		A8791A32232BD4B300089529 /* APIClient.swift */ = {isa = PBXFileReference; fileEncoding = 4; lastKnownFileType = sourcecode.swift; path = APIClient.swift; sourceTree = "<group>"; };
		A8791A33232BD4B300089529 /* Result.swift */ = {isa = PBXFileReference; fileEncoding = 4; lastKnownFileType = sourcecode.swift; path = Result.swift; sourceTree = "<group>"; };
		A8791A39232BD4F300089529 /* FoursquareClient.swift */ = {isa = PBXFileReference; lastKnownFileType = sourcecode.swift; path = FoursquareClient.swift; sourceTree = "<group>"; };
		A8791A3B232BD58D00089529 /* Endpoint.swift */ = {isa = PBXFileReference; lastKnownFileType = sourcecode.swift; path = Endpoint.swift; sourceTree = "<group>"; };
		A8791A3D232BD6C500089529 /* Venue.swift */ = {isa = PBXFileReference; lastKnownFileType = sourcecode.swift; path = Venue.swift; sourceTree = "<group>"; };
		A8791A41232BFF5E00089529 /* VenueListVC.swift */ = {isa = PBXFileReference; lastKnownFileType = sourcecode.swift; path = VenueListVC.swift; sourceTree = "<group>"; };
		A8791A43232C586500089529 /* VenueListCell.swift */ = {isa = PBXFileReference; lastKnownFileType = sourcecode.swift; path = VenueListCell.swift; sourceTree = "<group>"; };
		A8AACD572332ED8B00F209FB /* VenueDetail.swift */ = {isa = PBXFileReference; lastKnownFileType = sourcecode.swift; path = VenueDetail.swift; sourceTree = "<group>"; };
		A8BA0E9E232FEA50006449B2 /* VenuesOnMapVC.swift */ = {isa = PBXFileReference; lastKnownFileType = sourcecode.swift; path = VenuesOnMapVC.swift; sourceTree = "<group>"; };
		A8BA0EA1232FF751006449B2 /* UITableView+HandleEmptyView.swift */ = {isa = PBXFileReference; lastKnownFileType = sourcecode.swift; path = "UITableView+HandleEmptyView.swift"; sourceTree = "<group>"; };
		A8BA0EA3232FF77F006449B2 /* UITextField+PaddingandBottomBorder.swift */ = {isa = PBXFileReference; lastKnownFileType = sourcecode.swift; path = "UITextField+PaddingandBottomBorder.swift"; sourceTree = "<group>"; };
		A8BA0EA5232FF9B6006449B2 /* UIViewController+UIAlertController.swift */ = {isa = PBXFileReference; lastKnownFileType = sourcecode.swift; path = "UIViewController+UIAlertController.swift"; sourceTree = "<group>"; };
/* End PBXFileReference section */

/* Begin PBXFrameworksBuildPhase section */
		A8791A07232BD02900089529 /* Frameworks */ = {
			isa = PBXFrameworksBuildPhase;
			buildActionMask = 2147483647;
			files = (
			);
			runOnlyForDeploymentPostprocessing = 0;
		};
		A8791A1B232BD02B00089529 /* Frameworks */ = {
			isa = PBXFrameworksBuildPhase;
			buildActionMask = 2147483647;
			files = (
			);
			runOnlyForDeploymentPostprocessing = 0;
		};
/* End PBXFrameworksBuildPhase section */

/* Begin PBXGroup section */
		A8791A01232BD02900089529 = {
			isa = PBXGroup;
			children = (
				A8791A0C232BD02900089529 /* FoursquareAPI-Demo */,
				A8791A21232BD02B00089529 /* FoursquareAPI-DemoTests */,
				A8791A0B232BD02900089529 /* Products */,
			);
			sourceTree = "<group>";
		};
		A8791A0B232BD02900089529 /* Products */ = {
			isa = PBXGroup;
			children = (
				A8791A0A232BD02900089529 /* FoursquareAPI-Demo.app */,
				A8791A1E232BD02B00089529 /* FoursquareAPI-DemoTests.xctest */,
			);
			name = Products;
			sourceTree = "<group>";
		};
		A8791A0C232BD02900089529 /* FoursquareAPI-Demo */ = {
			isa = PBXGroup;
			children = (
				A8BA0EA0232FF70E006449B2 /* Extensions */,
				A8791A30232BD48000089529 /* Networking */,
				A8791A2D232BD3DB00089529 /* Model */,
				A8791A2E232BD3FD00089529 /* View */,
				A8791A2F232BD40300089529 /* Controller */,
				A8791A11232BD02900089529 /* Main.storyboard */,
				A8791A14232BD02A00089529 /* Assets.xcassets */,
				A8791A0D232BD02900089529 /* AppDelegate.swift */,
				A8791A16232BD02A00089529 /* LaunchScreen.storyboard */,
				A8791A19232BD02A00089529 /* Info.plist */,
			);
			path = "FoursquareAPI-Demo";
			sourceTree = "<group>";
		};
		A8791A21232BD02B00089529 /* FoursquareAPI-DemoTests */ = {
			isa = PBXGroup;
			children = (
				A8791A22232BD02B00089529 /* FoursquareAPI_DemoTests.swift */,
				A8791A24232BD02B00089529 /* Info.plist */,
			);
			path = "FoursquareAPI-DemoTests";
			sourceTree = "<group>";
		};
		A8791A2D232BD3DB00089529 /* Model */ = {
			isa = PBXGroup;
			children = (
				A8791A3D232BD6C500089529 /* Venue.swift */,
				A82C4723232C83D000D0E92B /* VenueMap.swift */,
				A8AACD572332ED8B00F209FB /* VenueDetail.swift */,
			);
			path = Model;
			sourceTree = "<group>";
		};
		A8791A2E232BD3FD00089529 /* View */ = {
			isa = PBXGroup;
			children = (
				A8791A43232C586500089529 /* VenueListCell.swift */,
				A8684F7F2330A32D002D6489 /* ScaleSegue.swift */,
			);
			path = View;
			sourceTree = "<group>";
		};
		A8791A2F232BD40300089529 /* Controller */ = {
			isa = PBXGroup;
			children = (
				A8791A41232BFF5E00089529 /* VenueListVC.swift */,
				A82C4721232C833400D0E92B /* VenueDetailVC.swift */,
				A82C4725232CA11B00D0E92B /* LocationSelectionVC.swift */,
				A8BA0E9E232FEA50006449B2 /* VenuesOnMapVC.swift */,
			);
			path = Controller;
			sourceTree = "<group>";
		};
		A8791A30232BD48000089529 /* Networking */ = {
			isa = PBXGroup;
			children = (
				A8791A31232BD4B300089529 /* APIError.swift */,
				A8791A32232BD4B300089529 /* APIClient.swift */,
				A8791A33232BD4B300089529 /* Result.swift */,
				A8791A3B232BD58D00089529 /* Endpoint.swift */,
				A8791A39232BD4F300089529 /* FoursquareClient.swift */,
			);
			path = Networking;
			sourceTree = "<group>";
		};
		A8BA0EA0232FF70E006449B2 /* Extensions */ = {
			isa = PBXGroup;
			children = (
				A8BA0EA1232FF751006449B2 /* UITableView+HandleEmptyView.swift */,
				A8BA0EA3232FF77F006449B2 /* UITextField+PaddingandBottomBorder.swift */,
				A8BA0EA5232FF9B6006449B2 /* UIViewController+UIAlertController.swift */,
			);
			path = Extensions;
			sourceTree = "<group>";
		};
/* End PBXGroup section */

/* Begin PBXNativeTarget section */
		A8791A09232BD02900089529 /* FoursquareAPI-Demo */ = {
			isa = PBXNativeTarget;
			buildConfigurationList = A8791A27232BD02B00089529 /* Build configuration list for PBXNativeTarget "FoursquareAPI-Demo" */;
			buildPhases = (
				A8791A06232BD02900089529 /* Sources */,
				A8791A07232BD02900089529 /* Frameworks */,
				A8791A08232BD02900089529 /* Resources */,
			);
			buildRules = (
			);
			dependencies = (
			);
			name = "FoursquareAPI-Demo";
			productName = "FoursquareAPI-Demo";
			productReference = A8791A0A232BD02900089529 /* FoursquareAPI-Demo.app */;
			productType = "com.apple.product-type.application";
		};
		A8791A1D232BD02B00089529 /* FoursquareAPI-DemoTests */ = {
			isa = PBXNativeTarget;
			buildConfigurationList = A8791A2A232BD02B00089529 /* Build configuration list for PBXNativeTarget "FoursquareAPI-DemoTests" */;
			buildPhases = (
				A8791A1A232BD02B00089529 /* Sources */,
				A8791A1B232BD02B00089529 /* Frameworks */,
				A8791A1C232BD02B00089529 /* Resources */,
			);
			buildRules = (
			);
			dependencies = (
				A8791A20232BD02B00089529 /* PBXTargetDependency */,
			);
			name = "FoursquareAPI-DemoTests";
			productName = "FoursquareAPI-DemoTests";
			productReference = A8791A1E232BD02B00089529 /* FoursquareAPI-DemoTests.xctest */;
			productType = "com.apple.product-type.bundle.unit-test";
		};
/* End PBXNativeTarget section */

/* Begin PBXProject section */
		A8791A02232BD02900089529 /* Project object */ = {
			isa = PBXProject;
			attributes = {
				LastSwiftUpdateCheck = 1030;
				LastUpgradeCheck = 1030;
				ORGANIZATIONNAME = "Burak Akin";
				TargetAttributes = {
					A8791A09232BD02900089529 = {
						CreatedOnToolsVersion = 10.3;
					};
					A8791A1D232BD02B00089529 = {
						CreatedOnToolsVersion = 10.3;
						TestTargetID = A8791A09232BD02900089529;
					};
				};
			};
			buildConfigurationList = A8791A05232BD02900089529 /* Build configuration list for PBXProject "FoursquareAPI-Demo" */;
			compatibilityVersion = "Xcode 9.3";
			developmentRegion = en;
			hasScannedForEncodings = 0;
			knownRegions = (
				en,
				Base,
			);
			mainGroup = A8791A01232BD02900089529;
			productRefGroup = A8791A0B232BD02900089529 /* Products */;
			projectDirPath = "";
			projectRoot = "";
			targets = (
				A8791A09232BD02900089529 /* FoursquareAPI-Demo */,
				A8791A1D232BD02B00089529 /* FoursquareAPI-DemoTests */,
			);
		};
/* End PBXProject section */

/* Begin PBXResourcesBuildPhase section */
		A8791A08232BD02900089529 /* Resources */ = {
			isa = PBXResourcesBuildPhase;
			buildActionMask = 2147483647;
			files = (
				A8791A18232BD02A00089529 /* LaunchScreen.storyboard in Resources */,
				A8791A15232BD02A00089529 /* Assets.xcassets in Resources */,
				A8791A13232BD02900089529 /* Main.storyboard in Resources */,
			);
			runOnlyForDeploymentPostprocessing = 0;
		};
		A8791A1C232BD02B00089529 /* Resources */ = {
			isa = PBXResourcesBuildPhase;
			buildActionMask = 2147483647;
			files = (
			);
			runOnlyForDeploymentPostprocessing = 0;
		};
/* End PBXResourcesBuildPhase section */

/* Begin PBXSourcesBuildPhase section */
		A8791A06232BD02900089529 /* Sources */ = {
			isa = PBXSourcesBuildPhase;
			buildActionMask = 2147483647;
			files = (
				A8791A0E232BD02900089529 /* AppDelegate.swift in Sources */,
				A8BA0E9F232FEA50006449B2 /* VenuesOnMapVC.swift in Sources */,
				A82C4722232C833400D0E92B /* VenueDetailVC.swift in Sources */,
				A8791A34232BD4B300089529 /* APIError.swift in Sources */,
				A8AACD582332ED8B00F209FB /* VenueDetail.swift in Sources */,
				A8BA0EA2232FF751006449B2 /* UITableView+HandleEmptyView.swift in Sources */,
				A8BA0EA6232FF9B6006449B2 /* UIViewController+UIAlertController.swift in Sources */,
				A8BA0EA4232FF77F006449B2 /* UITextField+PaddingandBottomBorder.swift in Sources */,
				A8791A36232BD4B300089529 /* Result.swift in Sources */,
				A82C4726232CA11B00D0E92B /* LocationSelectionVC.swift in Sources */,
				A8791A3E232BD6C500089529 /* Venue.swift in Sources */,
				A8791A44232C586500089529 /* VenueListCell.swift in Sources */,
				A8791A42232BFF5E00089529 /* VenueListVC.swift in Sources */,
				A82C4724232C83D000D0E92B /* VenueMap.swift in Sources */,
				A8791A35232BD4B300089529 /* APIClient.swift in Sources */,
				A8684F802330A32D002D6489 /* ScaleSegue.swift in Sources */,
				A8791A3C232BD58D00089529 /* Endpoint.swift in Sources */,
				A8791A3A232BD4F300089529 /* FoursquareClient.swift in Sources */,
			);
			runOnlyForDeploymentPostprocessing = 0;
		};
		A8791A1A232BD02B00089529 /* Sources */ = {
			isa = PBXSourcesBuildPhase;
			buildActionMask = 2147483647;
			files = (
				A8791A23232BD02B00089529 /* FoursquareAPI_DemoTests.swift in Sources */,
			);
			runOnlyForDeploymentPostprocessing = 0;
		};
/* End PBXSourcesBuildPhase section */

/* Begin PBXTargetDependency section */
		A8791A20232BD02B00089529 /* PBXTargetDependency */ = {
			isa = PBXTargetDependency;
			target = A8791A09232BD02900089529 /* FoursquareAPI-Demo */;
			targetProxy = A8791A1F232BD02B00089529 /* PBXContainerItemProxy */;
		};
/* End PBXTargetDependency section */

/* Begin PBXVariantGroup section */
		A8791A11232BD02900089529 /* Main.storyboard */ = {
			isa = PBXVariantGroup;
			children = (
				A8791A12232BD02900089529 /* Base */,
			);
			name = Main.storyboard;
			sourceTree = "<group>";
		};
		A8791A16232BD02A00089529 /* LaunchScreen.storyboard */ = {
			isa = PBXVariantGroup;
			children = (
				A8791A17232BD02A00089529 /* Base */,
			);
			name = LaunchScreen.storyboard;
			sourceTree = "<group>";
		};
/* End PBXVariantGroup section */

/* Begin XCBuildConfiguration section */
		A8791A25232BD02B00089529 /* Debug */ = {
			isa = XCBuildConfiguration;
			buildSettings = {
				ALWAYS_SEARCH_USER_PATHS = NO;
				CLANG_ANALYZER_NONNULL = YES;
				CLANG_ANALYZER_NUMBER_OBJECT_CONVERSION = YES_AGGRESSIVE;
				CLANG_CXX_LANGUAGE_STANDARD = "gnu++14";
				CLANG_CXX_LIBRARY = "libc++";
				CLANG_ENABLE_MODULES = YES;
				CLANG_ENABLE_OBJC_ARC = YES;
				CLANG_ENABLE_OBJC_WEAK = YES;
				CLANG_WARN_BLOCK_CAPTURE_AUTORELEASING = YES;
				CLANG_WARN_BOOL_CONVERSION = YES;
				CLANG_WARN_COMMA = YES;
				CLANG_WARN_CONSTANT_CONVERSION = YES;
				CLANG_WARN_DEPRECATED_OBJC_IMPLEMENTATIONS = YES;
				CLANG_WARN_DIRECT_OBJC_ISA_USAGE = YES_ERROR;
				CLANG_WARN_DOCUMENTATION_COMMENTS = YES;
				CLANG_WARN_EMPTY_BODY = YES;
				CLANG_WARN_ENUM_CONVERSION = YES;
				CLANG_WARN_INFINITE_RECURSION = YES;
				CLANG_WARN_INT_CONVERSION = YES;
				CLANG_WARN_NON_LITERAL_NULL_CONVERSION = YES;
				CLANG_WARN_OBJC_IMPLICIT_RETAIN_SELF = YES;
				CLANG_WARN_OBJC_LITERAL_CONVERSION = YES;
				CLANG_WARN_OBJC_ROOT_CLASS = YES_ERROR;
				CLANG_WARN_RANGE_LOOP_ANALYSIS = YES;
				CLANG_WARN_STRICT_PROTOTYPES = YES;
				CLANG_WARN_SUSPICIOUS_MOVE = YES;
				CLANG_WARN_UNGUARDED_AVAILABILITY = YES_AGGRESSIVE;
				CLANG_WARN_UNREACHABLE_CODE = YES;
				CLANG_WARN__DUPLICATE_METHOD_MATCH = YES;
				CODE_SIGN_IDENTITY = "iPhone Developer";
				COPY_PHASE_STRIP = NO;
				DEBUG_INFORMATION_FORMAT = dwarf;
				ENABLE_STRICT_OBJC_MSGSEND = YES;
				ENABLE_TESTABILITY = YES;
				GCC_C_LANGUAGE_STANDARD = gnu11;
				GCC_DYNAMIC_NO_PIC = NO;
				GCC_NO_COMMON_BLOCKS = YES;
				GCC_OPTIMIZATION_LEVEL = 0;
				GCC_PREPROCESSOR_DEFINITIONS = (
					"DEBUG=1",
					"$(inherited)",
				);
				GCC_WARN_64_TO_32_BIT_CONVERSION = YES;
				GCC_WARN_ABOUT_RETURN_TYPE = YES_ERROR;
				GCC_WARN_UNDECLARED_SELECTOR = YES;
				GCC_WARN_UNINITIALIZED_AUTOS = YES_AGGRESSIVE;
				GCC_WARN_UNUSED_FUNCTION = YES;
				GCC_WARN_UNUSED_VARIABLE = YES;
				IPHONEOS_DEPLOYMENT_TARGET = 12.4;
				MTL_ENABLE_DEBUG_INFO = INCLUDE_SOURCE;
				MTL_FAST_MATH = YES;
				ONLY_ACTIVE_ARCH = YES;
				SDKROOT = iphoneos;
				SWIFT_ACTIVE_COMPILATION_CONDITIONS = DEBUG;
				SWIFT_OPTIMIZATION_LEVEL = "-Onone";
			};
			name = Debug;
		};
		A8791A26232BD02B00089529 /* Release */ = {
			isa = XCBuildConfiguration;
			buildSettings = {
				ALWAYS_SEARCH_USER_PATHS = NO;
				CLANG_ANALYZER_NONNULL = YES;
				CLANG_ANALYZER_NUMBER_OBJECT_CONVERSION = YES_AGGRESSIVE;
				CLANG_CXX_LANGUAGE_STANDARD = "gnu++14";
				CLANG_CXX_LIBRARY = "libc++";
				CLANG_ENABLE_MODULES = YES;
				CLANG_ENABLE_OBJC_ARC = YES;
				CLANG_ENABLE_OBJC_WEAK = YES;
				CLANG_WARN_BLOCK_CAPTURE_AUTORELEASING = YES;
				CLANG_WARN_BOOL_CONVERSION = YES;
				CLANG_WARN_COMMA = YES;
				CLANG_WARN_CONSTANT_CONVERSION = YES;
				CLANG_WARN_DEPRECATED_OBJC_IMPLEMENTATIONS = YES;
				CLANG_WARN_DIRECT_OBJC_ISA_USAGE = YES_ERROR;
				CLANG_WARN_DOCUMENTATION_COMMENTS = YES;
				CLANG_WARN_EMPTY_BODY = YES;
				CLANG_WARN_ENUM_CONVERSION = YES;
				CLANG_WARN_INFINITE_RECURSION = YES;
				CLANG_WARN_INT_CONVERSION = YES;
				CLANG_WARN_NON_LITERAL_NULL_CONVERSION = YES;
				CLANG_WARN_OBJC_IMPLICIT_RETAIN_SELF = YES;
				CLANG_WARN_OBJC_LITERAL_CONVERSION = YES;
				CLANG_WARN_OBJC_ROOT_CLASS = YES_ERROR;
				CLANG_WARN_RANGE_LOOP_ANALYSIS = YES;
				CLANG_WARN_STRICT_PROTOTYPES = YES;
				CLANG_WARN_SUSPICIOUS_MOVE = YES;
				CLANG_WARN_UNGUARDED_AVAILABILITY = YES_AGGRESSIVE;
				CLANG_WARN_UNREACHABLE_CODE = YES;
				CLANG_WARN__DUPLICATE_METHOD_MATCH = YES;
				CODE_SIGN_IDENTITY = "iPhone Developer";
				COPY_PHASE_STRIP = NO;
				DEBUG_INFORMATION_FORMAT = "dwarf-with-dsym";
				ENABLE_NS_ASSERTIONS = NO;
				ENABLE_STRICT_OBJC_MSGSEND = YES;
				GCC_C_LANGUAGE_STANDARD = gnu11;
				GCC_NO_COMMON_BLOCKS = YES;
				GCC_WARN_64_TO_32_BIT_CONVERSION = YES;
				GCC_WARN_ABOUT_RETURN_TYPE = YES_ERROR;
				GCC_WARN_UNDECLARED_SELECTOR = YES;
				GCC_WARN_UNINITIALIZED_AUTOS = YES_AGGRESSIVE;
				GCC_WARN_UNUSED_FUNCTION = YES;
				GCC_WARN_UNUSED_VARIABLE = YES;
				IPHONEOS_DEPLOYMENT_TARGET = 12.4;
				MTL_ENABLE_DEBUG_INFO = NO;
				MTL_FAST_MATH = YES;
				SDKROOT = iphoneos;
				SWIFT_COMPILATION_MODE = wholemodule;
				SWIFT_OPTIMIZATION_LEVEL = "-O";
				VALIDATE_PRODUCT = YES;
			};
			name = Release;
		};
		A8791A28232BD02B00089529 /* Debug */ = {
			isa = XCBuildConfiguration;
			buildSettings = {
				ASSETCATALOG_COMPILER_APPICON_NAME = AppIcon;
				CODE_SIGN_STYLE = Automatic;
				DEVELOPMENT_TEAM = 97K3K7BYBU;
				INFOPLIST_FILE = "FoursquareAPI-Demo/Info.plist";
				LD_RUNPATH_SEARCH_PATHS = (
					"$(inherited)",
					"@executable_path/Frameworks",
				);
				PRODUCT_BUNDLE_IDENTIFIER = "com.example.FoursquareAPI-Demo";
				PRODUCT_NAME = "$(TARGET_NAME)";
				SWIFT_VERSION = 5.0;
				TARGETED_DEVICE_FAMILY = "1,2";
			};
			name = Debug;
		};
		A8791A29232BD02B00089529 /* Release */ = {
			isa = XCBuildConfiguration;
			buildSettings = {
				ASSETCATALOG_COMPILER_APPICON_NAME = AppIcon;
				CODE_SIGN_STYLE = Automatic;
				DEVELOPMENT_TEAM = 97K3K7BYBU;
				INFOPLIST_FILE = "FoursquareAPI-Demo/Info.plist";
				LD_RUNPATH_SEARCH_PATHS = (
					"$(inherited)",
					"@executable_path/Frameworks",
				);
				PRODUCT_BUNDLE_IDENTIFIER = "com.example.FoursquareAPI-Demo";
				PRODUCT_NAME = "$(TARGET_NAME)";
				SWIFT_VERSION = 5.0;
				TARGETED_DEVICE_FAMILY = "1,2";
			};
			name = Release;
		};
		A8791A2B232BD02B00089529 /* Debug */ = {
			isa = XCBuildConfiguration;
			buildSettings = {
				ALWAYS_EMBED_SWIFT_STANDARD_LIBRARIES = YES;
				BUNDLE_LOADER = "$(TEST_HOST)";
				CODE_SIGN_STYLE = Automatic;
				DEVELOPMENT_TEAM = 97K3K7BYBU;
				INFOPLIST_FILE = "FoursquareAPI-DemoTests/Info.plist";
				LD_RUNPATH_SEARCH_PATHS = (
					"$(inherited)",
					"@executable_path/Frameworks",
					"@loader_path/Frameworks",
				);
				PRODUCT_BUNDLE_IDENTIFIER = "com.example.FoursquareAPI-DemoTests";
				PRODUCT_NAME = "$(TARGET_NAME)";
				SWIFT_VERSION = 5.0;
				TARGETED_DEVICE_FAMILY = "1,2";
				TEST_HOST = "$(BUILT_PRODUCTS_DIR)/FoursquareAPI-Demo.app/FoursquareAPI-Demo";
			};
			name = Debug;
		};
		A8791A2C232BD02B00089529 /* Release */ = {
			isa = XCBuildConfiguration;
			buildSettings = {
				ALWAYS_EMBED_SWIFT_STANDARD_LIBRARIES = YES;
				BUNDLE_LOADER = "$(TEST_HOST)";
				CODE_SIGN_STYLE = Automatic;
				DEVELOPMENT_TEAM = 97K3K7BYBU;
				INFOPLIST_FILE = "FoursquareAPI-DemoTests/Info.plist";
				LD_RUNPATH_SEARCH_PATHS = (
					"$(inherited)",
					"@executable_path/Frameworks",
					"@loader_path/Frameworks",
				);
				PRODUCT_BUNDLE_IDENTIFIER = "com.example.FoursquareAPI-DemoTests";
				PRODUCT_NAME = "$(TARGET_NAME)";
				SWIFT_VERSION = 5.0;
				TARGETED_DEVICE_FAMILY = "1,2";
				TEST_HOST = "$(BUILT_PRODUCTS_DIR)/FoursquareAPI-Demo.app/FoursquareAPI-Demo";
			};
			name = Release;
		};
/* End XCBuildConfiguration section */

/* Begin XCConfigurationList section */
		A8791A05232BD02900089529 /* Build configuration list for PBXProject "FoursquareAPI-Demo" */ = {
			isa = XCConfigurationList;
			buildConfigurations = (
				A8791A25232BD02B00089529 /* Debug */,
				A8791A26232BD02B00089529 /* Release */,
			);
			defaultConfigurationIsVisible = 0;
			defaultConfigurationName = Release;
		};
		A8791A27232BD02B00089529 /* Build configuration list for PBXNativeTarget "FoursquareAPI-Demo" */ = {
			isa = XCConfigurationList;
			buildConfigurations = (
				A8791A28232BD02B00089529 /* Debug */,
				A8791A29232BD02B00089529 /* Release */,
			);
			defaultConfigurationIsVisible = 0;
			defaultConfigurationName = Release;
		};
		A8791A2A232BD02B00089529 /* Build configuration list for PBXNativeTarget "FoursquareAPI-DemoTests" */ = {
			isa = XCConfigurationList;
			buildConfigurations = (
				A8791A2B232BD02B00089529 /* Debug */,
				A8791A2C232BD02B00089529 /* Release */,
			);
			defaultConfigurationIsVisible = 0;
			defaultConfigurationName = Release;
		};
/* End XCConfigurationList section */
	};
	rootObject = A8791A02232BD02900089529 /* Project object */;
}
